
Microsoft Visual Studio Solution File, Format Version 12.00
# Visual Studio 14
VisualStudioVersion = 14.0.25420.1
MinimumVisualStudioVersion = 10.0.40219.1
Project("{FAE04EC0-301F-11D3-BF4B-00C04F79EFBC}") = "MathComponentLib", "MathComponentLib\MathComponentLib.csproj", "{D0BE59C3-2A11-478B-B3C7-FD81156CD072}"
EndProject
Project("{FAE04EC0-301F-11D3-BF4B-00C04F79EFBC}") = "MathConsoleApp", "MathConsoleApp\MathConsoleApp.csproj", "{A42B138F-6353-4836-87D0-34A28E9096C1}"
EndProject
Global
	GlobalSection(SolutionConfigurationPlatforms) = preSolution
		Debug|Any CPU = Debug|Any CPU
		Release|Any CPU = Release|Any CPU
	EndGlobalSection
	GlobalSection(ProjectConfigurationPlatforms) = postSolution
		{D0BE59C3-2A11-478B-B3C7-FD81156CD072}.Debug|Any CPU.ActiveCfg = Debug|Any CPU
		{D0BE59C3-2A11-478B-B3C7-FD81156CD072}.Debug|Any CPU.Build.0 = Debug|Any CPU
		{D0BE59C3-2A11-478B-B3C7-FD81156CD072}.Release|Any CPU.ActiveCfg = Release|Any CPU
		{D0BE59C3-2A11-478B-B3C7-FD81156CD072}.Release|Any CPU.Build.0 = Release|Any CPU
		{A42B138F-6353-4836-87D0-34A28E9096C1}.Debug|Any CPU.ActiveCfg = Debug|Any CPU
		{A42B138F-6353-4836-87D0-34A28E9096C1}.Debug|Any CPU.Build.0 = Debug|Any CPU
		{A42B138F-6353-4836-87D0-34A28E9096C1}.Release|Any CPU.ActiveCfg = Release|Any CPU
		{A42B138F-6353-4836-87D0-34A28E9096C1}.Release|Any CPU.Build.0 = Release|Any CPU
	EndGlobalSection
	GlobalSection(SolutionProperties) = preSolution
		HideSolutionNode = FALSE
	EndGlobalSection
EndGlobal
